{
  "name": "structured-search",
  "version": "1.0.0",
  "lockfileVersion": 1,
  "requires": true,
  "dependencies": {
    "string-search": {
      "version": "git+https://github.com/jtq/string-search.git#3e1dd3fbabd7c84a9cecc802dbb5a8a1b8966b50",
      "from": "git+https://github.com/jtq/string-search.git"
    }
  }
}
